version = 1
revision = 3
requires-python = ">=3.8"

[[package]]
name = "aiofiles"
version = "24.1.0"
source = { registry = "https://pypi.org/simple" }
sdist = { url = "https://files.pythonhosted.org/packages/0b/03/a88171e277e8caa88a4c77808c20ebb04ba74cc4681bf1e9416c862de237/aiofiles-24.1.0.tar.gz", hash = "sha256:22a075c9e5a3810f0c2e48f3008c94d68c65d763b9b03857924c99e57355166c", size = 30247, upload-time = "2024-06-24T11:02:03.584Z" }
wheels = [
    { url = "https://files.pythonhosted.org/packages/a5/45/30bb92d442636f570cb5651bc661f52b610e2eec3f891a5dc3a4c3667db0/aiofiles-24.1.0-py3-none-any.whl", hash = "sha256:b4ec55f4195e3eb5d7abd1bf7e061763e864dd4954231fb8539a0ef8bb8260e5", size = 15896, upload-time = "2024-06-24T11:02:01.529Z" },
]

[[package]]
name = "configargparse"
version = "1.7.1"
source = { registry = "https://pypi.org/simple" }
sdist = { url = "https://files.pythonhosted.org/packages/85/4d/6c9ef746dfcc2a32e26f3860bb4a011c008c392b83eabdfb598d1a8bbe5d/configargparse-1.7.1.tar.gz", hash = "sha256:79c2ddae836a1e5914b71d58e4b9adbd9f7779d4e6351a637b7d2d9b6c46d3d9", size = 43958, upload-time = "2025-05-23T14:26:17.369Z" }
wheels = [
    { url = "https://files.pythonhosted.org/packages/31/28/d28211d29bcc3620b1fece85a65ce5bb22f18670a03cd28ea4b75ede270c/configargparse-1.7.1-py3-none-any.whl", hash = "sha256:8b586a31f9d873abd1ca527ffbe58863c99f36d896e2829779803125e83be4b6", size = 25607, upload-time = "2025-05-23T14:26:15.923Z" },
]

[[package]]
name = "devman-async-lesson4"
version = "0.1.0"
source = { virtual = "." }
dependencies = [
    { name = "aiofiles" },
    { name = "configargparse" },
]

[package.metadata]
requires-dist = [
    { name = "aiofiles", specifier = ">=24.1.0" },
    { name = "configargparse", specifier = ">=1.7.1" },
]
